
Microsoft Visual Studio Solution File, Format Version 12.00
# Visual Studio 15
VisualStudioVersion = 15.0.28010.2026
MinimumVisualStudioVersion = 10.0.40219.1
Project("{FAE04EC0-301F-11D3-BF4B-00C04F79EFBC}") = "StoryWriter", "StoryWriter\StoryWriter.csproj", "{02CEFE95-E174-499E-BCEE-1A83C79111B2}"
EndProject
Project("{FAE04EC0-301F-11D3-BF4B-00C04F79EFBC}") = "test", "test\test.csproj", "{AD3BAA3E-7255-4EB5-BCE0-E73CE9A355FA}"
EndProject
Global
	GlobalSection(SolutionConfigurationPlatforms) = preSolution
		Debug|Any CPU = Debug|Any CPU
		Release|Any CPU = Release|Any CPU
	EndGlobalSection
	GlobalSection(ProjectConfigurationPlatforms) = postSolution
		{02CEFE95-E174-499E-BCEE-1A83C79111B2}.Debug|Any CPU.ActiveCfg = Debug|Any CPU
		{02CEFE95-E174-499E-BCEE-1A83C79111B2}.Debug|Any CPU.Build.0 = Debug|Any CPU
		{02CEFE95-E174-499E-BCEE-1A83C79111B2}.Release|Any CPU.ActiveCfg = Release|Any CPU
		{02CEFE95-E174-499E-BCEE-1A83C79111B2}.Release|Any CPU.Build.0 = Release|Any CPU
		{AD3BAA3E-7255-4EB5-BCE0-E73CE9A355FA}.Debug|Any CPU.ActiveCfg = Debug|Any CPU
		{AD3BAA3E-7255-4EB5-BCE0-E73CE9A355FA}.Debug|Any CPU.Build.0 = Debug|Any CPU
		{AD3BAA3E-7255-4EB5-BCE0-E73CE9A355FA}.Release|Any CPU.ActiveCfg = Release|Any CPU
		{AD3BAA3E-7255-4EB5-BCE0-E73CE9A355FA}.Release|Any CPU.Build.0 = Release|Any CPU
	EndGlobalSection
	GlobalSection(SolutionProperties) = preSolution
		HideSolutionNode = FALSE
	EndGlobalSection
	GlobalSection(ExtensibilityGlobals) = postSolution
		SolutionGuid = {B05112D6-23E5-4DD8-8BBE-1ED48B457D6A}
	EndGlobalSection
EndGlobal
